
Microsoft Visual Studio Solution File, Format Version 12.00
# Visual Studio 15
VisualStudioVersion = 15.0.27428.2043
MinimumVisualStudioVersion = 10.0.40219.1
Project("{FAE04EC0-301F-11D3-BF4B-00C04F79EFBC}") = "OSISP_TASK_4", "OSISP_TASK_4\OSISP_TASK_4.csproj", "{B1AA5A0A-1CF8-40B5-A79F-733E25B89D59}"
EndProject
Global
	GlobalSection(SolutionConfigurationPlatforms) = preSolution
		Debug|Any CPU = Debug|Any CPU
		Release|Any CPU = Release|Any CPU
	EndGlobalSection
	GlobalSection(ProjectConfigurationPlatforms) = postSolution
		{B1AA5A0A-1CF8-40B5-A79F-733E25B89D59}.Debug|Any CPU.ActiveCfg = Debug|Any CPU
		{B1AA5A0A-1CF8-40B5-A79F-733E25B89D59}.Debug|Any CPU.Build.0 = Debug|Any CPU
		{B1AA5A0A-1CF8-40B5-A79F-733E25B89D59}.Release|Any CPU.ActiveCfg = Release|Any CPU
		{B1AA5A0A-1CF8-40B5-A79F-733E25B89D59}.Release|Any CPU.Build.0 = Release|Any CPU
	EndGlobalSection
	GlobalSection(SolutionProperties) = preSolution
		HideSolutionNode = FALSE
	EndGlobalSection
	GlobalSection(ExtensibilityGlobals) = postSolution
		SolutionGuid = {A1E37B24-D3F7-49E3-9012-767CDC72D405}
	EndGlobalSection
EndGlobal
